// !$*UTF8*$!
{
	archiveVersion = 1;
	classes = {
	};
	objectVersion = 45;
	objects = {

/* Begin PBXBuildFile section */
		1D3623260D0F684500981E51 /* SimpleGameAppDelegate.m in Sources */ = {isa = PBXBuildFile; fileRef = 1D3623250D0F684500981E51 /* SimpleGameAppDelegate.m */; };
		1D60589B0D05DD56006BFB54 /* main.m in Sources */ = {isa = PBXBuildFile; fileRef = 29B97316FDCFA39411CA2CEA /* main.m */; };
		1D60589F0D05DD5A006BFB54 /* Foundation.framework in Frameworks */ = {isa = PBXBuildFile; fileRef = 1D30AB110D05D00D00671497 /* Foundation.framework */; };
		1DF5F4E00D08C38300B7A737 /* UIKit.framework in Frameworks */ = {isa = PBXBuildFile; fileRef = 1DF5F4DF0D08C38300B7A737 /* UIKit.framework */; };
		288765FD0DF74451002DB57D /* CoreGraphics.framework in Frameworks */ = {isa = PBXBuildFile; fileRef = 288765FC0DF74451002DB57D /* CoreGraphics.framework */; };
		A36B72A70F754B5D0013B314 /* AtlasSprite.m in Sources */ = {isa = PBXBuildFile; fileRef = A36B72A40F754B5D0013B314 /* AtlasSprite.m */; };
		A36B72A80F754B5D0013B314 /* AtlasSpriteManager.m in Sources */ = {isa = PBXBuildFile; fileRef = A36B72A60F754B5D0013B314 /* AtlasSpriteManager.m */; };
		A36B72AB0F754B690013B314 /* CocosNodeExtras.m in Sources */ = {isa = PBXBuildFile; fileRef = A36B72AA0F754B690013B314 /* CocosNodeExtras.m */; };
		A3ADE0580F4FC71500C1396D /* Action.m in Sources */ = {isa = PBXBuildFile; fileRef = A3ADDFB90F4FC71400C1396D /* Action.m */; };
		A3ADE0590F4FC71600C1396D /* AtlasNode.m in Sources */ = {isa = PBXBuildFile; fileRef = A3ADDFBB0F4FC71400C1396D /* AtlasNode.m */; };
		A3ADE05A0F4FC71600C1396D /* Camera.m in Sources */ = {isa = PBXBuildFile; fileRef = A3ADDFBD0F4FC71400C1396D /* Camera.m */; };
		A3ADE05B0F4FC71600C1396D /* CameraAction.m in Sources */ = {isa = PBXBuildFile; fileRef = A3ADDFBF0F4FC71400C1396D /* CameraAction.m */; };
		A3ADE05C0F4FC71600C1396D /* cocos2d.m in Sources */ = {isa = PBXBuildFile; fileRef = A3ADDFC40F4FC71400C1396D /* cocos2d.m */; };
		A3ADE05D0F4FC71600C1396D /* CocosNode.m in Sources */ = {isa = PBXBuildFile; fileRef = A3ADDFC60F4FC71400C1396D /* CocosNode.m */; };
		A3ADE05E0F4FC71600C1396D /* Director.m in Sources */ = {isa = PBXBuildFile; fileRef = A3ADDFC80F4FC71400C1396D /* Director.m */; };
		A3ADE05F0F4FC71600C1396D /* EaseAction.m in Sources */ = {isa = PBXBuildFile; fileRef = A3ADDFCA0F4FC71400C1396D /* EaseAction.m */; };
		A3ADE0600F4FC71600C1396D /* Grabber.m in Sources */ = {isa = PBXBuildFile; fileRef = A3ADDFCC0F4FC71400C1396D /* Grabber.m */; };
		A3ADE0610F4FC71600C1396D /* Grid.m in Sources */ = {isa = PBXBuildFile; fileRef = A3ADDFCE0F4FC71400C1396D /* Grid.m */; };
		A3ADE0620F4FC71600C1396D /* Grid3DAction.m in Sources */ = {isa = PBXBuildFile; fileRef = A3ADDFD00F4FC71400C1396D /* Grid3DAction.m */; };
		A3ADE0630F4FC71600C1396D /* GridAction.m in Sources */ = {isa = PBXBuildFile; fileRef = A3ADDFD20F4FC71400C1396D /* GridAction.m */; };
		A3ADE0640F4FC71600C1396D /* InstantAction.m in Sources */ = {isa = PBXBuildFile; fileRef = A3ADDFD40F4FC71400C1396D /* InstantAction.m */; };
		A3ADE0650F4FC71600C1396D /* IntervalAction.m in Sources */ = {isa = PBXBuildFile; fileRef = A3ADDFD60F4FC71400C1396D /* IntervalAction.m */; };
		A3ADE0660F4FC71600C1396D /* Label.m in Sources */ = {isa = PBXBuildFile; fileRef = A3ADDFD80F4FC71400C1396D /* Label.m */; };
		A3ADE0670F4FC71600C1396D /* LabelAtlas.m in Sources */ = {isa = PBXBuildFile; fileRef = A3ADDFDA0F4FC71400C1396D /* LabelAtlas.m */; };
		A3ADE0680F4FC71600C1396D /* Layer.m in Sources */ = {isa = PBXBuildFile; fileRef = A3ADDFDC0F4FC71500C1396D /* Layer.m */; };
		A3ADE0690F4FC71600C1396D /* Menu.m in Sources */ = {isa = PBXBuildFile; fileRef = A3ADDFDE0F4FC71500C1396D /* Menu.m */; };
		A3ADE06A0F4FC71600C1396D /* MenuItem.m in Sources */ = {isa = PBXBuildFile; fileRef = A3ADDFE00F4FC71500C1396D /* MenuItem.m */; };
		A3ADE06B0F4FC71600C1396D /* Particle.m in Sources */ = {isa = PBXBuildFile; fileRef = A3ADDFE20F4FC71500C1396D /* Particle.m */; };
		A3ADE06C0F4FC71600C1396D /* ParticleSystems.m in Sources */ = {isa = PBXBuildFile; fileRef = A3ADDFE40F4FC71500C1396D /* ParticleSystems.m */; };
		A3ADE06D0F4FC71600C1396D /* Primitives.m in Sources */ = {isa = PBXBuildFile; fileRef = A3ADDFE60F4FC71500C1396D /* Primitives.m */; };
		A3ADE06E0F4FC71600C1396D /* Scene.m in Sources */ = {isa = PBXBuildFile; fileRef = A3ADDFE80F4FC71500C1396D /* Scene.m */; };
		A3ADE06F0F4FC71600C1396D /* Scheduler.m in Sources */ = {isa = PBXBuildFile; fileRef = A3ADDFEA0F4FC71500C1396D /* Scheduler.m */; };
		A3ADE0700F4FC71600C1396D /* Sprite.m in Sources */ = {isa = PBXBuildFile; fileRef = A3ADDFEC0F4FC71500C1396D /* Sprite.m */; };
		A3ADE0710F4FC71600C1396D /* EAGLView.m in Sources */ = {isa = PBXBuildFile; fileRef = A3ADDFEF0F4FC71500C1396D /* EAGLView.m */; };
		A3ADE0720F4FC71600C1396D /* glu.c in Sources */ = {isa = PBXBuildFile; fileRef = A3ADDFF00F4FC71500C1396D /* glu.c */; };
		A3ADE0730F4FC71600C1396D /* PVRTexture.m in Sources */ = {isa = PBXBuildFile; fileRef = A3ADDFF40F4FC71500C1396D /* PVRTexture.m */; };
		A3ADE0740F4FC71600C1396D /* Texture2D.m in Sources */ = {isa = PBXBuildFile; fileRef = A3ADDFF60F4FC71500C1396D /* Texture2D.m */; };
		A3ADE0750F4FC71600C1396D /* TGAlib.m in Sources */ = {isa = PBXBuildFile; fileRef = A3ADDFF80F4FC71500C1396D /* TGAlib.m */; };
		A3ADE0760F4FC71600C1396D /* UIColor-OpenGL.m in Sources */ = {isa = PBXBuildFile; fileRef = A3ADDFFA0F4FC71500C1396D /* UIColor-OpenGL.m */; };
		A3ADE0770F4FC71600C1396D /* TextureAtlas.m in Sources */ = {isa = PBXBuildFile; fileRef = A3ADDFFC0F4FC71500C1396D /* TextureAtlas.m */; };
		A3ADE0780F4FC71600C1396D /* TextureMgr.m in Sources */ = {isa = PBXBuildFile; fileRef = A3ADDFFE0F4FC71500C1396D /* TextureMgr.m */; };
		A3ADE0790F4FC71600C1396D /* TextureNode.m in Sources */ = {isa = PBXBuildFile; fileRef = A3ADE0000F4FC71500C1396D /* TextureNode.m */; };
		A3ADE07A0F4FC71600C1396D /* TiledGridAction.m in Sources */ = {isa = PBXBuildFile; fileRef = A3ADE0020F4FC71500C1396D /* TiledGridAction.m */; };
		A3ADE07B0F4FC71600C1396D /* TileMapAtlas.m in Sources */ = {isa = PBXBuildFile; fileRef = A3ADE0040F4FC71500C1396D /* TileMapAtlas.m */; };
		A3ADE07C0F4FC71600C1396D /* Transition.m in Sources */ = {isa = PBXBuildFile; fileRef = A3ADE0060F4FC71500C1396D /* Transition.m */; };
		A3ADE07D0F4FC71600C1396D /* cocoslive.m in Sources */ = {isa = PBXBuildFile; fileRef = A3ADE0090F4FC71500C1396D /* cocoslive.m */; };
		A3ADE07E0F4FC71600C1396D /* ScoreServerPost.m in Sources */ = {isa = PBXBuildFile; fileRef = A3ADE00B0F4FC71500C1396D /* ScoreServerPost.m */; };
		A3ADE07F0F4FC71600C1396D /* ScoreServerRequest.m in Sources */ = {isa = PBXBuildFile; fileRef = A3ADE00D0F4FC71500C1396D /* ScoreServerRequest.m */; };
		A3ADE0800F4FC71600C1396D /* MotionStreak.m in Sources */ = {isa = PBXBuildFile; fileRef = A3ADE0100F4FC71500C1396D /* MotionStreak.m */; };
		A3ADE0810F4FC71600C1396D /* README in Resources */ = {isa = PBXBuildFile; fileRef = A3ADE0110F4FC71500C1396D /* README */; };
		A3ADE0820F4FC71600C1396D /* Ribbon.m in Sources */ = {isa = PBXBuildFile; fileRef = A3ADE0130F4FC71500C1396D /* Ribbon.m */; };
		A3ADE0830F4FC71600C1396D /* StreakTest.m in Sources */ = {isa = PBXBuildFile; fileRef = A3ADE0150F4FC71500C1396D /* StreakTest.m */; };
		A3ADE0840F4FC71600C1396D /* chipmunk-docs.html in Resources */ = {isa = PBXBuildFile; fileRef = A3ADE0180F4FC71500C1396D /* chipmunk-docs.html */; };
		A3ADE0900F4FC71600C1396D /* LICENSE.txt in Resources */ = {isa = PBXBuildFile; fileRef = A3ADE0260F4FC71500C1396D /* LICENSE.txt */; };
		A3ADE0910F4FC71600C1396D /* README.txt in Resources */ = {isa = PBXBuildFile; fileRef = A3ADE0270F4FC71500C1396D /* README.txt */; };
		A3ADE0920F4FC71600C1396D /* chipmunk.c in Sources */ = {isa = PBXBuildFile; fileRef = A3ADE0290F4FC71500C1396D /* chipmunk.c */; };
		A3ADE0930F4FC71600C1396D /* CMakeLists.txt in Resources */ = {isa = PBXBuildFile; fileRef = A3ADE02B0F4FC71500C1396D /* CMakeLists.txt */; };
		A3ADE0940F4FC71600C1396D /* cpArbiter.c in Sources */ = {isa = PBXBuildFile; fileRef = A3ADE02C0F4FC71500C1396D /* cpArbiter.c */; };
		A3ADE0950F4FC71600C1396D /* cpArray.c in Sources */ = {isa = PBXBuildFile; fileRef = A3ADE02E0F4FC71500C1396D /* cpArray.c */; };
		A3ADE0960F4FC71600C1396D /* cpBB.c in Sources */ = {isa = PBXBuildFile; fileRef = A3ADE0300F4FC71500C1396D /* cpBB.c */; };
		A3ADE0970F4FC71600C1396D /* cpBody.c in Sources */ = {isa = PBXBuildFile; fileRef = A3ADE0320F4FC71500C1396D /* cpBody.c */; };
		A3ADE0980F4FC71600C1396D /* cpCollision.c in Sources */ = {isa = PBXBuildFile; fileRef = A3ADE0340F4FC71500C1396D /* cpCollision.c */; };
		A3ADE0990F4FC71600C1396D /* cpHashSet.c in Sources */ = {isa = PBXBuildFile; fileRef = A3ADE0360F4FC71500C1396D /* cpHashSet.c */; };
		A3ADE09A0F4FC71600C1396D /* cpJoint.c in Sources */ = {isa = PBXBuildFile; fileRef = A3ADE0380F4FC71500C1396D /* cpJoint.c */; };
		A3ADE09B0F4FC71600C1396D /* cpPolyShape.c in Sources */ = {isa = PBXBuildFile; fileRef = A3ADE03A0F4FC71500C1396D /* cpPolyShape.c */; };
		A3ADE09C0F4FC71600C1396D /* cpShape.c in Sources */ = {isa = PBXBuildFile; fileRef = A3ADE03C0F4FC71500C1396D /* cpShape.c */; };
		A3ADE09D0F4FC71600C1396D /* cpSpace.c in Sources */ = {isa = PBXBuildFile; fileRef = A3ADE03E0F4FC71500C1396D /* cpSpace.c */; };
		A3ADE09E0F4FC71600C1396D /* cpSpaceHash.c in Sources */ = {isa = PBXBuildFile; fileRef = A3ADE0400F4FC71500C1396D /* cpSpaceHash.c */; };
		A3ADE09F0F4FC71600C1396D /* cpVect.c in Sources */ = {isa = PBXBuildFile; fileRef = A3ADE0420F4FC71500C1396D /* cpVect.c */; };
		A3ADE0A00F4FC71600C1396D /* CDataScanner.m in Sources */ = {isa = PBXBuildFile; fileRef = A3ADE0470F4FC71500C1396D /* CDataScanner.m */; };
		A3ADE0A10F4FC71600C1396D /* CDataScanner_Extensions.m in Sources */ = {isa = PBXBuildFile; fileRef = A3ADE04A0F4FC71500C1396D /* CDataScanner_Extensions.m */; };
		A3ADE0A20F4FC71600C1396D /* NSCharacterSet_Extensions.m in Sources */ = {isa = PBXBuildFile; fileRef = A3ADE04C0F4FC71500C1396D /* NSCharacterSet_Extensions.m */; };
		A3ADE0A30F4FC71600C1396D /* NSDictionary_JSONExtensions.m in Sources */ = {isa = PBXBuildFile; fileRef = A3ADE04E0F4FC71500C1396D /* NSDictionary_JSONExtensions.m */; };
		A3ADE0A40F4FC71600C1396D /* NSScanner_Extensions.m in Sources */ = {isa = PBXBuildFile; fileRef = A3ADE0500F4FC71500C1396D /* NSScanner_Extensions.m */; };
		A3ADE0A50F4FC71600C1396D /* CJSONDeserializer.m in Sources */ = {isa = PBXBuildFile; fileRef = A3ADE0530F4FC71500C1396D /* CJSONDeserializer.m */; };
		A3ADE0A60F4FC71600C1396D /* CJSONScanner.m in Sources */ = {isa = PBXBuildFile; fileRef = A3ADE0550F4FC71500C1396D /* CJSONScanner.m */; };
		A3ADE0A70F4FC71600C1396D /* CJSONSerializer.m in Sources */ = {isa = PBXBuildFile; fileRef = A3ADE0570F4FC71500C1396D /* CJSONSerializer.m */; };
		BE3511260EC63AF50054FAA8 /* OpenGLES.framework in Frameworks */ = {isa = PBXBuildFile; fileRef = BE3511250EC63AF50054FAA8 /* OpenGLES.framework */; };
		BE3511330EC63B380054FAA8 /* QuartzCore.framework in Frameworks */ = {isa = PBXBuildFile; fileRef = BE3511320EC63B380054FAA8 /* QuartzCore.framework */; };
		BE3511760EC64ADF0054FAA8 /* MenuScene.m in Sources */ = {isa = PBXBuildFile; fileRef = BE3511750EC64ADF0054FAA8 /* MenuScene.m */; };
		BE3514970EC693C60054FAA8 /* game.png in Resources */ = {isa = PBXBuildFile; fileRef = BE3514960EC693C60054FAA8 /* game.png */; };
		BE3514A00EC693DE0054FAA8 /* GameScene.m in Sources */ = {isa = PBXBuildFile; fileRef = BE35149F0EC693DE0054FAA8 /* GameScene.m */; };
		BEC5EC4E0EC73409000B181B /* fps_images.png in Resources */ = {isa = PBXBuildFile; fileRef = BEC5EC4D0EC73409000B181B /* fps_images.png */; };
		BEC5EC550EC7343E000B181B /* menu.png in Resources */ = {isa = PBXBuildFile; fileRef = BEC5EC540EC7343E000B181B /* menu.png */; };
/* End PBXBuildFile section */

/* Begin PBXFileReference section */
		1D30AB110D05D00D00671497 /* Foundation.framework */ = {isa = PBXFileReference; lastKnownFileType = wrapper.framework; name = Foundation.framework; path = System/Library/Frameworks/Foundation.framework; sourceTree = SDKROOT; };
		1D3623240D0F684500981E51 /* SimpleGameAppDelegate.h */ = {isa = PBXFileReference; fileEncoding = 4; lastKnownFileType = sourcecode.c.h; name = SimpleGameAppDelegate.h; path = Classes/SimpleGameAppDelegate.h; sourceTree = "<group>"; };
		1D3623250D0F684500981E51 /* SimpleGameAppDelegate.m */ = {isa = PBXFileReference; fileEncoding = 4; lastKnownFileType = sourcecode.c.objc; name = SimpleGameAppDelegate.m; path = Classes/SimpleGameAppDelegate.m; sourceTree = "<group>"; };
		1D6058910D05DD3D006BFB54 /* SimpleGame.app */ = {isa = PBXFileReference; explicitFileType = wrapper.application; includeInIndex = 0; path = SimpleGame.app; sourceTree = BUILT_PRODUCTS_DIR; };
		1DF5F4DF0D08C38300B7A737 /* UIKit.framework */ = {isa = PBXFileReference; lastKnownFileType = wrapper.framework; name = UIKit.framework; path = System/Library/Frameworks/UIKit.framework; sourceTree = SDKROOT; };
		288765FC0DF74451002DB57D /* CoreGraphics.framework */ = {isa = PBXFileReference; lastKnownFileType = wrapper.framework; name = CoreGraphics.framework; path = System/Library/Frameworks/CoreGraphics.framework; sourceTree = SDKROOT; };
		29B97316FDCFA39411CA2CEA /* main.m */ = {isa = PBXFileReference; fileEncoding = 4; lastKnownFileType = sourcecode.c.objc; path = main.m; sourceTree = "<group>"; };
		32CA4F630368D1EE00C91783 /* SimpleGame_Prefix.pch */ = {isa = PBXFileReference; fileEncoding = 4; lastKnownFileType = sourcecode.c.h; path = SimpleGame_Prefix.pch; sourceTree = "<group>"; };
		8D1107310486CEB800E47090 /* Info.plist */ = {isa = PBXFileReference; fileEncoding = 4; lastKnownFileType = text.plist.xml; path = Info.plist; sourceTree = "<group>"; };
		A36B72A30F754B5D0013B314 /* AtlasSprite.h */ = {isa = PBXFileReference; fileEncoding = 4; lastKnownFileType = sourcecode.c.h; path = AtlasSprite.h; sourceTree = "<group>"; };
		A36B72A40F754B5D0013B314 /* AtlasSprite.m */ = {isa = PBXFileReference; fileEncoding = 4; lastKnownFileType = sourcecode.c.objc; path = AtlasSprite.m; sourceTree = "<group>"; };
		A36B72A50F754B5D0013B314 /* AtlasSpriteManager.h */ = {isa = PBXFileReference; fileEncoding = 4; lastKnownFileType = sourcecode.c.h; path = AtlasSpriteManager.h; sourceTree = "<group>"; };
		A36B72A60F754B5D0013B314 /* AtlasSpriteManager.m */ = {isa = PBXFileReference; fileEncoding = 4; lastKnownFileType = sourcecode.c.objc; path = AtlasSpriteManager.m; sourceTree = "<group>"; };
		A36B72A90F754B690013B314 /* CocosNodeExtras.h */ = {isa = PBXFileReference; fileEncoding = 4; lastKnownFileType = sourcecode.c.h; path = CocosNodeExtras.h; sourceTree = "<group>"; };
		A36B72AA0F754B690013B314 /* CocosNodeExtras.m */ = {isa = PBXFileReference; fileEncoding = 4; lastKnownFileType = sourcecode.c.objc; path = CocosNodeExtras.m; sourceTree = "<group>"; };
		A3ADDFB80F4FC71400C1396D /* Action.h */ = {isa = PBXFileReference; fileEncoding = 4; lastKnownFileType = sourcecode.c.h; path = Action.h; sourceTree = "<group>"; };
		A3ADDFB90F4FC71400C1396D /* Action.m */ = {isa = PBXFileReference; fileEncoding = 4; lastKnownFileType = sourcecode.c.objc; path = Action.m; sourceTree = "<group>"; };
		A3ADDFBA0F4FC71400C1396D /* AtlasNode.h */ = {isa = PBXFileReference; fileEncoding = 4; lastKnownFileType = sourcecode.c.h; path = AtlasNode.h; sourceTree = "<group>"; };
		A3ADDFBB0F4FC71400C1396D /* AtlasNode.m */ = {isa = PBXFileReference; fileEncoding = 4; lastKnownFileType = sourcecode.c.objc; path = AtlasNode.m; sourceTree = "<group>"; };
		A3ADDFBC0F4FC71400C1396D /* Camera.h */ = {isa = PBXFileReference; fileEncoding = 4; lastKnownFileType = sourcecode.c.h; path = Camera.h; sourceTree = "<group>"; };
		A3ADDFBD0F4FC71400C1396D /* Camera.m */ = {isa = PBXFileReference; fileEncoding = 4; lastKnownFileType = sourcecode.c.objc; path = Camera.m; sourceTree = "<group>"; };
		A3ADDFBE0F4FC71400C1396D /* CameraAction.h */ = {isa = PBXFileReference; fileEncoding = 4; lastKnownFileType = sourcecode.c.h; path = CameraAction.h; sourceTree = "<group>"; };
		A3ADDFBF0F4FC71400C1396D /* CameraAction.m */ = {isa = PBXFileReference; fileEncoding = 4; lastKnownFileType = sourcecode.c.objc; path = CameraAction.m; sourceTree = "<group>"; };
		A3ADDFC00F4FC71400C1396D /* ccExceptions.h */ = {isa = PBXFileReference; fileEncoding = 4; lastKnownFileType = sourcecode.c.h; path = ccExceptions.h; sourceTree = "<group>"; };
		A3ADDFC10F4FC71400C1396D /* ccMacros.h */ = {isa = PBXFileReference; fileEncoding = 4; lastKnownFileType = sourcecode.c.h; path = ccMacros.h; sourceTree = "<group>"; };
		A3ADDFC20F4FC71400C1396D /* ccTypes.h */ = {isa = PBXFileReference; fileEncoding = 4; lastKnownFileType = sourcecode.c.h; path = ccTypes.h; sourceTree = "<group>"; };
		A3ADDFC30F4FC71400C1396D /* cocos2d.h */ = {isa = PBXFileReference; fileEncoding = 4; lastKnownFileType = sourcecode.c.h; path = cocos2d.h; sourceTree = "<group>"; };
		A3ADDFC40F4FC71400C1396D /* cocos2d.m */ = {isa = PBXFileReference; fileEncoding = 4; lastKnownFileType = sourcecode.c.objc; path = cocos2d.m; sourceTree = "<group>"; };
		A3ADDFC50F4FC71400C1396D /* CocosNode.h */ = {isa = PBXFileReference; fileEncoding = 4; lastKnownFileType = sourcecode.c.h; path = CocosNode.h; sourceTree = "<group>"; };
		A3ADDFC60F4FC71400C1396D /* CocosNode.m */ = {isa = PBXFileReference; fileEncoding = 4; lastKnownFileType = sourcecode.c.objc; path = CocosNode.m; sourceTree = "<group>"; };
		A3ADDFC70F4FC71400C1396D /* Director.h */ = {isa = PBXFileReference; fileEncoding = 4; lastKnownFileType = sourcecode.c.h; path = Director.h; sourceTree = "<group>"; };
		A3ADDFC80F4FC71400C1396D /* Director.m */ = {isa = PBXFileReference; fileEncoding = 4; lastKnownFileType = sourcecode.c.objc; path = Director.m; sourceTree = "<group>"; };
		A3ADDFC90F4FC71400C1396D /* EaseAction.h */ = {isa = PBXFileReference; fileEncoding = 4; lastKnownFileType = sourcecode.c.h; path = EaseAction.h; sourceTree = "<group>"; };
		A3ADDFCA0F4FC71400C1396D /* EaseAction.m */ = {isa = PBXFileReference; fileEncoding = 4; lastKnownFileType = sourcecode.c.objc; path = EaseAction.m; sourceTree = "<group>"; };
		A3ADDFCB0F4FC71400C1396D /* Grabber.h */ = {isa = PBXFileReference; fileEncoding = 4; lastKnownFileType = sourcecode.c.h; path = Grabber.h; sourceTree = "<group>"; };
		A3ADDFCC0F4FC71400C1396D /* Grabber.m */ = {isa = PBXFileReference; fileEncoding = 4; lastKnownFileType = sourcecode.c.objc; path = Grabber.m; sourceTree = "<group>"; };
		A3ADDFCD0F4FC71400C1396D /* Grid.h */ = {isa = PBXFileReference; fileEncoding = 4; lastKnownFileType = sourcecode.c.h; path = Grid.h; sourceTree = "<group>"; };
		A3ADDFCE0F4FC71400C1396D /* Grid.m */ = {isa = PBXFileReference; fileEncoding = 4; lastKnownFileType = sourcecode.c.objc; path = Grid.m; sourceTree = "<group>"; };
		A3ADDFCF0F4FC71400C1396D /* Grid3DAction.h */ = {isa = PBXFileReference; fileEncoding = 4; lastKnownFileType = sourcecode.c.h; path = Grid3DAction.h; sourceTree = "<group>"; };
		A3ADDFD00F4FC71400C1396D /* Grid3DAction.m */ = {isa = PBXFileReference; fileEncoding = 4; lastKnownFileType = sourcecode.c.objc; path = Grid3DAction.m; sourceTree = "<group>"; };
		A3ADDFD10F4FC71400C1396D /* GridAction.h */ = {isa = PBXFileReference; fileEncoding = 4; lastKnownFileType = sourcecode.c.h; path = GridAction.h; sourceTree = "<group>"; };
		A3ADDFD20F4FC71400C1396D /* GridAction.m */ = {isa = PBXFileReference; fileEncoding = 4; lastKnownFileType = sourcecode.c.objc; path = GridAction.m; sourceTree = "<group>"; };
		A3ADDFD30F4FC71400C1396D /* InstantAction.h */ = {isa = PBXFileReference; fileEncoding = 4; lastKnownFileType = sourcecode.c.h; path = InstantAction.h; sourceTree = "<group>"; };
		A3ADDFD40F4FC71400C1396D /* InstantAction.m */ = {isa = PBXFileReference; fileEncoding = 4; lastKnownFileType = sourcecode.c.objc; path = InstantAction.m; sourceTree = "<group>"; };
		A3ADDFD50F4FC71400C1396D /* IntervalAction.h */ = {isa = PBXFileReference; fileEncoding = 4; lastKnownFileType = sourcecode.c.h; path = IntervalAction.h; sourceTree = "<group>"; };
		A3ADDFD60F4FC71400C1396D /* IntervalAction.m */ = {isa = PBXFileReference; fileEncoding = 4; lastKnownFileType = sourcecode.c.objc; path = IntervalAction.m; sourceTree = "<group>"; };
		A3ADDFD70F4FC71400C1396D /* Label.h */ = {isa = PBXFileReference; fileEncoding = 4; lastKnownFileType = sourcecode.c.h; path = Label.h; sourceTree = "<group>"; };
		A3ADDFD80F4FC71400C1396D /* Label.m */ = {isa = PBXFileReference; fileEncoding = 4; lastKnownFileType = sourcecode.c.objc; path = Label.m; sourceTree = "<group>"; };
		A3ADDFD90F4FC71400C1396D /* LabelAtlas.h */ = {isa = PBXFileReference; fileEncoding = 4; lastKnownFileType = sourcecode.c.h; path = LabelAtlas.h; sourceTree = "<group>"; };
		A3ADDFDA0F4FC71400C1396D /* LabelAtlas.m */ = {isa = PBXFileReference; fileEncoding = 4; lastKnownFileType = sourcecode.c.objc; path = LabelAtlas.m; sourceTree = "<group>"; };
		A3ADDFDB0F4FC71400C1396D /* Layer.h */ = {isa = PBXFileReference; fileEncoding = 4; lastKnownFileType = sourcecode.c.h; path = Layer.h; sourceTree = "<group>"; };
		A3ADDFDC0F4FC71500C1396D /* Layer.m */ = {isa = PBXFileReference; fileEncoding = 4; lastKnownFileType = sourcecode.c.objc; path = Layer.m; sourceTree = "<group>"; };
		A3ADDFDD0F4FC71500C1396D /* Menu.h */ = {isa = PBXFileReference; fileEncoding = 4; lastKnownFileType = sourcecode.c.h; path = Menu.h; sourceTree = "<group>"; };
		A3ADDFDE0F4FC71500C1396D /* Menu.m */ = {isa = PBXFileReference; fileEncoding = 4; lastKnownFileType = sourcecode.c.objc; path = Menu.m; sourceTree = "<group>"; };
		A3ADDFDF0F4FC71500C1396D /* MenuItem.h */ = {isa = PBXFileReference; fileEncoding = 4; lastKnownFileType = sourcecode.c.h; path = MenuItem.h; sourceTree = "<group>"; };
		A3ADDFE00F4FC71500C1396D /* MenuItem.m */ = {isa = PBXFileReference; fileEncoding = 4; lastKnownFileType = sourcecode.c.objc; path = MenuItem.m; sourceTree = "<group>"; };
		A3ADDFE10F4FC71500C1396D /* Particle.h */ = {isa = PBXFileReference; fileEncoding = 4; lastKnownFileType = sourcecode.c.h; path = Particle.h; sourceTree = "<group>"; };
		A3ADDFE20F4FC71500C1396D /* Particle.m */ = {isa = PBXFileReference; fileEncoding = 4; lastKnownFileType = sourcecode.c.objc; path = Particle.m; sourceTree = "<group>"; };
		A3ADDFE30F4FC71500C1396D /* ParticleSystems.h */ = {isa = PBXFileReference; fileEncoding = 4; lastKnownFileType = sourcecode.c.h; path = ParticleSystems.h; sourceTree = "<group>"; };
		A3ADDFE40F4FC71500C1396D /* ParticleSystems.m */ = {isa = PBXFileReference; fileEncoding = 4; lastKnownFileType = sourcecode.c.objc; path = ParticleSystems.m; sourceTree = "<group>"; };
		A3ADDFE50F4FC71500C1396D /* Primitives.h */ = {isa = PBXFileReference; fileEncoding = 4; lastKnownFileType = sourcecode.c.h; path = Primitives.h; sourceTree = "<group>"; };
		A3ADDFE60F4FC71500C1396D /* Primitives.m */ = {isa = PBXFileReference; fileEncoding = 4; lastKnownFileType = sourcecode.c.objc; path = Primitives.m; sourceTree = "<group>"; };
		A3ADDFE70F4FC71500C1396D /* Scene.h */ = {isa = PBXFileReference; fileEncoding = 4; lastKnownFileType = sourcecode.c.h; path = Scene.h; sourceTree = "<group>"; };
		A3ADDFE80F4FC71500C1396D /* Scene.m */ = {isa = PBXFileReference; fileEncoding = 4; lastKnownFileType = sourcecode.c.objc; path = Scene.m; sourceTree = "<group>"; };
		A3ADDFE90F4FC71500C1396D /* Scheduler.h */ = {isa = PBXFileReference; fileEncoding = 4; lastKnownFileType = sourcecode.c.h; path = Scheduler.h; sourceTree = "<group>"; };
		A3ADDFEA0F4FC71500C1396D /* Scheduler.m */ = {isa = PBXFileReference; fileEncoding = 4; lastKnownFileType = sourcecode.c.objc; path = Scheduler.m; sourceTree = "<group>"; };
		A3ADDFEB0F4FC71500C1396D /* Sprite.h */ = {isa = PBXFileReference; fileEncoding = 4; lastKnownFileType = sourcecode.c.h; path = Sprite.h; sourceTree = "<group>"; };
		A3ADDFEC0F4FC71500C1396D /* Sprite.m */ = {isa = PBXFileReference; fileEncoding = 4; lastKnownFileType = sourcecode.c.objc; path = Sprite.m; sourceTree = "<group>"; };
		A3ADDFEE0F4FC71500C1396D /* EAGLView.h */ = {isa = PBXFileReference; fileEncoding = 4; lastKnownFileType = sourcecode.c.h; path = EAGLView.h; sourceTree = "<group>"; };
		A3ADDFEF0F4FC71500C1396D /* EAGLView.m */ = {isa = PBXFileReference; fileEncoding = 4; lastKnownFileType = sourcecode.c.objc; path = EAGLView.m; sourceTree = "<group>"; };
		A3ADDFF00F4FC71500C1396D /* glu.c */ = {isa = PBXFileReference; fileEncoding = 4; lastKnownFileType = sourcecode.c.c; path = glu.c; sourceTree = "<group>"; };
		A3ADDFF10F4FC71500C1396D /* glu.h */ = {isa = PBXFileReference; fileEncoding = 4; lastKnownFileType = sourcecode.c.h; path = glu.h; sourceTree = "<group>"; };
		A3ADDFF20F4FC71500C1396D /* OpenGL_Internal.h */ = {isa = PBXFileReference; fileEncoding = 4; lastKnownFileType = sourcecode.c.h; path = OpenGL_Internal.h; sourceTree = "<group>"; };
		A3ADDFF30F4FC71500C1396D /* PVRTexture.h */ = {isa = PBXFileReference; fileEncoding = 4; lastKnownFileType = sourcecode.c.h; path = PVRTexture.h; sourceTree = "<group>"; };
		A3ADDFF40F4FC71500C1396D /* PVRTexture.m */ = {isa = PBXFileReference; fileEncoding = 4; lastKnownFileType = sourcecode.c.objc; path = PVRTexture.m; sourceTree = "<group>"; };
		A3ADDFF50F4FC71500C1396D /* Texture2D.h */ = {isa = PBXFileReference; fileEncoding = 4; lastKnownFileType = sourcecode.c.h; path = Texture2D.h; sourceTree = "<group>"; };
		A3ADDFF60F4FC71500C1396D /* Texture2D.m */ = {isa = PBXFileReference; fileEncoding = 4; lastKnownFileType = sourcecode.c.objc; path = Texture2D.m; sourceTree = "<group>"; };
		A3ADDFF70F4FC71500C1396D /* TGAlib.h */ = {isa = PBXFileReference; fileEncoding = 4; lastKnownFileType = sourcecode.c.h; path = TGAlib.h; sourceTree = "<group>"; };
		A3ADDFF80F4FC71500C1396D /* TGAlib.m */ = {isa = PBXFileReference; fileEncoding = 4; lastKnownFileType = sourcecode.c.objc; path = TGAlib.m; sourceTree = "<group>"; };
		A3ADDFF90F4FC71500C1396D /* UIColor-OpenGL.h */ = {isa = PBXFileReference; fileEncoding = 4; lastKnownFileType = sourcecode.c.h; path = "UIColor-OpenGL.h"; sourceTree = "<group>"; };
		A3ADDFFA0F4FC71500C1396D /* UIColor-OpenGL.m */ = {isa = PBXFileReference; fileEncoding = 4; lastKnownFileType = sourcecode.c.objc; path = "UIColor-OpenGL.m"; sourceTree = "<group>"; };
		A3ADDFFB0F4FC71500C1396D /* TextureAtlas.h */ = {isa = PBXFileReference; fileEncoding = 4; lastKnownFileType = sourcecode.c.h; path = TextureAtlas.h; sourceTree = "<group>"; };
		A3ADDFFC0F4FC71500C1396D /* TextureAtlas.m */ = {isa = PBXFileReference; fileEncoding = 4; lastKnownFileType = sourcecode.c.objc; path = TextureAtlas.m; sourceTree = "<group>"; };
		A3ADDFFD0F4FC71500C1396D /* TextureMgr.h */ = {isa = PBXFileReference; fileEncoding = 4; lastKnownFileType = sourcecode.c.h; path = TextureMgr.h; sourceTree = "<group>"; };
		A3ADDFFE0F4FC71500C1396D /* TextureMgr.m */ = {isa = PBXFileReference; fileEncoding = 4; lastKnownFileType = sourcecode.c.objc; path = TextureMgr.m; sourceTree = "<group>"; };
		A3ADDFFF0F4FC71500C1396D /* TextureNode.h */ = {isa = PBXFileReference; fileEncoding = 4; lastKnownFileType = sourcecode.c.h; path = TextureNode.h; sourceTree = "<group>"; };
		A3ADE0000F4FC71500C1396D /* TextureNode.m */ = {isa = PBXFileReference; fileEncoding = 4; lastKnownFileType = sourcecode.c.objc; path = TextureNode.m; sourceTree = "<group>"; };
		A3ADE0010F4FC71500C1396D /* TiledGridAction.h */ = {isa = PBXFileReference; fileEncoding = 4; lastKnownFileType = sourcecode.c.h; path = TiledGridAction.h; sourceTree = "<group>"; };
		A3ADE0020F4FC71500C1396D /* TiledGridAction.m */ = {isa = PBXFileReference; fileEncoding = 4; lastKnownFileType = sourcecode.c.objc; path = TiledGridAction.m; sourceTree = "<group>"; };
		A3ADE0030F4FC71500C1396D /* TileMapAtlas.h */ = {isa = PBXFileReference; fileEncoding = 4; lastKnownFileType = sourcecode.c.h; path = TileMapAtlas.h; sourceTree = "<group>"; };
		A3ADE0040F4FC71500C1396D /* TileMapAtlas.m */ = {isa = PBXFileReference; fileEncoding = 4; lastKnownFileType = sourcecode.c.objc; path = TileMapAtlas.m; sourceTree = "<group>"; };
		A3ADE0050F4FC71500C1396D /* Transition.h */ = {isa = PBXFileReference; fileEncoding = 4; lastKnownFileType = sourcecode.c.h; path = Transition.h; sourceTree = "<group>"; };
		A3ADE0060F4FC71500C1396D /* Transition.m */ = {isa = PBXFileReference; fileEncoding = 4; lastKnownFileType = sourcecode.c.objc; path = Transition.m; sourceTree = "<group>"; };
		A3ADE0080F4FC71500C1396D /* cocoslive.h */ = {isa = PBXFileReference; fileEncoding = 4; lastKnownFileType = sourcecode.c.h; path = cocoslive.h; sourceTree = "<group>"; };
		A3ADE0090F4FC71500C1396D /* cocoslive.m */ = {isa = PBXFileReference; fileEncoding = 4; lastKnownFileType = sourcecode.c.objc; path = cocoslive.m; sourceTree = "<group>"; };
		A3ADE00A0F4FC71500C1396D /* ScoreServerPost.h */ = {isa = PBXFileReference; fileEncoding = 4; lastKnownFileType = sourcecode.c.h; path = ScoreServerPost.h; sourceTree = "<group>"; };
		A3ADE00B0F4FC71500C1396D /* ScoreServerPost.m */ = {isa = PBXFileReference; fileEncoding = 4; lastKnownFileType = sourcecode.c.objc; path = ScoreServerPost.m; sourceTree = "<group>"; };
		A3ADE00C0F4FC71500C1396D /* ScoreServerRequest.h */ = {isa = PBXFileReference; fileEncoding = 4; lastKnownFileType = sourcecode.c.h; path = ScoreServerRequest.h; sourceTree = "<group>"; };
		A3ADE00D0F4FC71500C1396D /* ScoreServerRequest.m */ = {isa = PBXFileReference; fileEncoding = 4; lastKnownFileType = sourcecode.c.objc; path = ScoreServerRequest.m; sourceTree = "<group>"; };
		A3ADE00F0F4FC71500C1396D /* MotionStreak.h */ = {isa = PBXFileReference; fileEncoding = 4; lastKnownFileType = sourcecode.c.h; path = MotionStreak.h; sourceTree = "<group>"; };
		A3ADE0100F4FC71500C1396D /* MotionStreak.m */ = {isa = PBXFileReference; fileEncoding = 4; lastKnownFileType = sourcecode.c.objc; path = MotionStreak.m; sourceTree = "<group>"; };
		A3ADE0110F4FC71500C1396D /* README */ = {isa = PBXFileReference; fileEncoding = 4; lastKnownFileType = text; path = README; sourceTree = "<group>"; };
		A3ADE0120F4FC71500C1396D /* Ribbon.h */ = {isa = PBXFileReference; fileEncoding = 4; lastKnownFileType = sourcecode.c.h; path = Ribbon.h; sourceTree = "<group>"; };
		A3ADE0130F4FC71500C1396D /* Ribbon.m */ = {isa = PBXFileReference; fileEncoding = 4; lastKnownFileType = sourcecode.c.objc; path = Ribbon.m; sourceTree = "<group>"; };
		A3ADE0140F4FC71500C1396D /* StreakTest.h */ = {isa = PBXFileReference; fileEncoding = 4; lastKnownFileType = sourcecode.c.h; path = StreakTest.h; sourceTree = "<group>"; };
		A3ADE0150F4FC71500C1396D /* StreakTest.m */ = {isa = PBXFileReference; fileEncoding = 4; lastKnownFileType = sourcecode.c.objc; path = StreakTest.m; sourceTree = "<group>"; };
		A3ADE0180F4FC71500C1396D /* chipmunk-docs.html */ = {isa = PBXFileReference; fileEncoding = 4; lastKnownFileType = text.html; path = "chipmunk-docs.html"; sourceTree = "<group>"; };
		A3ADE0190F4FC71500C1396D /* CMakeLists.txt */ = {isa = PBXFileReference; fileEncoding = 4; lastKnownFileType = text; path = CMakeLists.txt; sourceTree = "<group>"; };
		A3ADE0260F4FC71500C1396D /* LICENSE.txt */ = {isa = PBXFileReference; fileEncoding = 4; lastKnownFileType = text; path = LICENSE.txt; sourceTree = "<group>"; };
		A3ADE0270F4FC71500C1396D /* README.txt */ = {isa = PBXFileReference; fileEncoding = 4; lastKnownFileType = text; path = README.txt; sourceTree = "<group>"; };
		A3ADE0290F4FC71500C1396D /* chipmunk.c */ = {isa = PBXFileReference; fileEncoding = 4; lastKnownFileType = sourcecode.c.c; path = chipmunk.c; sourceTree = "<group>"; };
		A3ADE02A0F4FC71500C1396D /* chipmunk.h */ = {isa = PBXFileReference; fileEncoding = 4; lastKnownFileType = sourcecode.c.h; path = chipmunk.h; sourceTree = "<group>"; };
		A3ADE02B0F4FC71500C1396D /* CMakeLists.txt */ = {isa = PBXFileReference; fileEncoding = 4; lastKnownFileType = text; path = CMakeLists.txt; sourceTree = "<group>"; };
		A3ADE02C0F4FC71500C1396D /* cpArbiter.c */ = {isa = PBXFileReference; fileEncoding = 4; lastKnownFileType = sourcecode.c.c; path = cpArbiter.c; sourceTree = "<group>"; };
		A3ADE02D0F4FC71500C1396D /* cpArbiter.h */ = {isa = PBXFileReference; fileEncoding = 4; lastKnownFileType = sourcecode.c.h; path = cpArbiter.h; sourceTree = "<group>"; };
		A3ADE02E0F4FC71500C1396D /* cpArray.c */ = {isa = PBXFileReference; fileEncoding = 4; lastKnownFileType = sourcecode.c.c; path = cpArray.c; sourceTree = "<group>"; };
		A3ADE02F0F4FC71500C1396D /* cpArray.h */ = {isa = PBXFileReference; fileEncoding = 4; lastKnownFileType = sourcecode.c.h; path = cpArray.h; sourceTree = "<group>"; };
		A3ADE0300F4FC71500C1396D /* cpBB.c */ = {isa = PBXFileReference; fileEncoding = 4; lastKnownFileType = sourcecode.c.c; path = cpBB.c; sourceTree = "<group>"; };
		A3ADE0310F4FC71500C1396D /* cpBB.h */ = {isa = PBXFileReference; fileEncoding = 4; lastKnownFileType = sourcecode.c.h; path = cpBB.h; sourceTree = "<group>"; };
		A3ADE0320F4FC71500C1396D /* cpBody.c */ = {isa = PBXFileReference; fileEncoding = 4; lastKnownFileType = sourcecode.c.c; path = cpBody.c; sourceTree = "<group>"; };
		A3ADE0330F4FC71500C1396D /* cpBody.h */ = {isa = PBXFileReference; fileEncoding = 4; lastKnownFileType = sourcecode.c.h; path = cpBody.h; sourceTree = "<group>"; };
		A3ADE0340F4FC71500C1396D /* cpCollision.c */ = {isa = PBXFileReference; fileEncoding = 4; lastKnownFileType = sourcecode.c.c; path = cpCollision.c; sourceTree = "<group>"; };
		A3ADE0350F4FC71500C1396D /* cpCollision.h */ = {isa = PBXFileReference; fileEncoding = 4; lastKnownFileType = sourcecode.c.h; path = cpCollision.h; sourceTree = "<group>"; };
		A3ADE0360F4FC71500C1396D /* cpHashSet.c */ = {isa = PBXFileReference; fileEncoding = 4; lastKnownFileType = sourcecode.c.c; path = cpHashSet.c; sourceTree = "<group>"; };
		A3ADE0370F4FC71500C1396D /* cpHashSet.h */ = {isa = PBXFileReference; fileEncoding = 4; lastKnownFileType = sourcecode.c.h; path = cpHashSet.h; sourceTree = "<group>"; };
		A3ADE0380F4FC71500C1396D /* cpJoint.c */ = {isa = PBXFileReference; fileEncoding = 4; lastKnownFileType = sourcecode.c.c; path = cpJoint.c; sourceTree = "<group>"; };
		A3ADE0390F4FC71500C1396D /* cpJoint.h */ = {isa = PBXFileReference; fileEncoding = 4; lastKnownFileType = sourcecode.c.h; path = cpJoint.h; sourceTree = "<group>"; };
		A3ADE03A0F4FC71500C1396D /* cpPolyShape.c */ = {isa = PBXFileReference; fileEncoding = 4; lastKnownFileType = sourcecode.c.c; path = cpPolyShape.c; sourceTree = "<group>"; };
		A3ADE03B0F4FC71500C1396D /* cpPolyShape.h */ = {isa = PBXFileReference; fileEncoding = 4; lastKnownFileType = sourcecode.c.h; path = cpPolyShape.h; sourceTree = "<group>"; };
		A3ADE03C0F4FC71500C1396D /* cpShape.c */ = {isa = PBXFileReference; fileEncoding = 4; lastKnownFileType = sourcecode.c.c; path = cpShape.c; sourceTree = "<group>"; };
		A3ADE03D0F4FC71500C1396D /* cpShape.h */ = {isa = PBXFileReference; fileEncoding = 4; lastKnownFileType = sourcecode.c.h; path = cpShape.h; sourceTree = "<group>"; };
		A3ADE03E0F4FC71500C1396D /* cpSpace.c */ = {isa = PBXFileReference; fileEncoding = 4; lastKnownFileType = sourcecode.c.c; path = cpSpace.c; sourceTree = "<group>"; };
		A3ADE03F0F4FC71500C1396D /* cpSpace.h */ = {isa = PBXFileReference; fileEncoding = 4; lastKnownFileType = sourcecode.c.h; path = cpSpace.h; sourceTree = "<group>"; };
		A3ADE0400F4FC71500C1396D /* cpSpaceHash.c */ = {isa = PBXFileReference; fileEncoding = 4; lastKnownFileType = sourcecode.c.c; path = cpSpaceHash.c; sourceTree = "<group>"; };
		A3ADE0410F4FC71500C1396D /* cpSpaceHash.h */ = {isa = PBXFileReference; fileEncoding = 4; lastKnownFileType = sourcecode.c.h; path = cpSpaceHash.h; sourceTree = "<group>"; };
		A3ADE0420F4FC71500C1396D /* cpVect.c */ = {isa = PBXFileReference; fileEncoding = 4; lastKnownFileType = sourcecode.c.c; path = cpVect.c; sourceTree = "<group>"; };
		A3ADE0430F4FC71500C1396D /* cpVect.h */ = {isa = PBXFileReference; fileEncoding = 4; lastKnownFileType = sourcecode.c.h; path = cpVect.h; sourceTree = "<group>"; };
		A3ADE0440F4FC71500C1396D /* prime.h */ = {isa = PBXFileReference; fileEncoding = 4; lastKnownFileType = sourcecode.c.h; path = prime.h; sourceTree = "<group>"; };
		A3ADE0460F4FC71500C1396D /* CDataScanner.h */ = {isa = PBXFileReference; fileEncoding = 4; lastKnownFileType = sourcecode.c.h; path = CDataScanner.h; sourceTree = "<group>"; };
		A3ADE0470F4FC71500C1396D /* CDataScanner.m */ = {isa = PBXFileReference; fileEncoding = 4; lastKnownFileType = sourcecode.c.objc; path = CDataScanner.m; sourceTree = "<group>"; };
		A3ADE0490F4FC71500C1396D /* CDataScanner_Extensions.h */ = {isa = PBXFileReference; fileEncoding = 4; lastKnownFileType = sourcecode.c.h; path = CDataScanner_Extensions.h; sourceTree = "<group>"; };
		A3ADE04A0F4FC71500C1396D /* CDataScanner_Extensions.m */ = {isa = PBXFileReference; fileEncoding = 4; lastKnownFileType = sourcecode.c.objc; path = CDataScanner_Extensions.m; sourceTree = "<group>"; };
		A3ADE04B0F4FC71500C1396D /* NSCharacterSet_Extensions.h */ = {isa = PBXFileReference; fileEncoding = 4; lastKnownFileType = sourcecode.c.h; path = NSCharacterSet_Extensions.h; sourceTree = "<group>"; };
		A3ADE04C0F4FC71500C1396D /* NSCharacterSet_Extensions.m */ = {isa = PBXFileReference; fileEncoding = 4; lastKnownFileType = sourcecode.c.objc; path = NSCharacterSet_Extensions.m; sourceTree = "<group>"; };
		A3ADE04D0F4FC71500C1396D /* NSDictionary_JSONExtensions.h */ = {isa = PBXFileReference; fileEncoding = 4; lastKnownFileType = sourcecode.c.h; path = NSDictionary_JSONExtensions.h; sourceTree = "<group>"; };
		A3ADE04E0F4FC71500C1396D /* NSDictionary_JSONExtensions.m */ = {isa = PBXFileReference; fileEncoding = 4; lastKnownFileType = sourcecode.c.objc; path = NSDictionary_JSONExtensions.m; sourceTree = "<group>"; };
		A3ADE04F0F4FC71500C1396D /* NSScanner_Extensions.h */ = {isa = PBXFileReference; fileEncoding = 4; lastKnownFileType = sourcecode.c.h; path = NSScanner_Extensions.h; sourceTree = "<group>"; };
		A3ADE0500F4FC71500C1396D /* NSScanner_Extensions.m */ = {isa = PBXFileReference; fileEncoding = 4; lastKnownFileType = sourcecode.c.objc; path = NSScanner_Extensions.m; sourceTree = "<group>"; };
		A3ADE0520F4FC71500C1396D /* CJSONDeserializer.h */ = {isa = PBXFileReference; fileEncoding = 4; lastKnownFileType = sourcecode.c.h; path = CJSONDeserializer.h; sourceTree = "<group>"; };
		A3ADE0530F4FC71500C1396D /* CJSONDeserializer.m */ = {isa = PBXFileReference; fileEncoding = 4; lastKnownFileType = sourcecode.c.objc; path = CJSONDeserializer.m; sourceTree = "<group>"; };
		A3ADE0540F4FC71500C1396D /* CJSONScanner.h */ = {isa = PBXFileReference; fileEncoding = 4; lastKnownFileType = sourcecode.c.h; path = CJSONScanner.h; sourceTree = "<group>"; };
		A3ADE0550F4FC71500C1396D /* CJSONScanner.m */ = {isa = PBXFileReference; fileEncoding = 4; lastKnownFileType = sourcecode.c.objc; path = CJSONScanner.m; sourceTree = "<group>"; };
		A3ADE0560F4FC71500C1396D /* CJSONSerializer.h */ = {isa = PBXFileReference; fileEncoding = 4; lastKnownFileType = sourcecode.c.h; path = CJSONSerializer.h; sourceTree = "<group>"; };
		A3ADE0570F4FC71500C1396D /* CJSONSerializer.m */ = {isa = PBXFileReference; fileEncoding = 4; lastKnownFileType = sourcecode.c.objc; path = CJSONSerializer.m; sourceTree = "<group>"; };
		BE3511250EC63AF50054FAA8 /* OpenGLES.framework */ = {isa = PBXFileReference; lastKnownFileType = wrapper.framework; name = OpenGLES.framework; path = System/Library/Frameworks/OpenGLES.framework; sourceTree = SDKROOT; };
		BE35112A0EC63B170054FAA8 /* OpenAL.framework */ = {isa = PBXFileReference; lastKnownFileType = wrapper.framework; name = OpenAL.framework; path = System/Library/Frameworks/OpenAL.framework; sourceTree = SDKROOT; };
		BE3511320EC63B380054FAA8 /* QuartzCore.framework */ = {isa = PBXFileReference; lastKnownFileType = wrapper.framework; name = QuartzCore.framework; path = System/Library/Frameworks/QuartzCore.framework; sourceTree = SDKROOT; };
		BE3511740EC64ADF0054FAA8 /* MenuScene.h */ = {isa = PBXFileReference; fileEncoding = 4; lastKnownFileType = sourcecode.c.h; path = MenuScene.h; sourceTree = "<group>"; };
		BE3511750EC64ADF0054FAA8 /* MenuScene.m */ = {isa = PBXFileReference; fileEncoding = 4; lastKnownFileType = sourcecode.c.objc; path = MenuScene.m; sourceTree = "<group>"; };
		BE3514960EC693C60054FAA8 /* game.png */ = {isa = PBXFileReference; lastKnownFileType = image.png; path = game.png; sourceTree = "<group>"; };
		BE35149E0EC693DE0054FAA8 /* GameScene.h */ = {isa = PBXFileReference; fileEncoding = 4; lastKnownFileType = sourcecode.c.h; path = GameScene.h; sourceTree = "<group>"; };
		BE35149F0EC693DE0054FAA8 /* GameScene.m */ = {isa = PBXFileReference; fileEncoding = 4; lastKnownFileType = sourcecode.c.objc; path = GameScene.m; sourceTree = "<group>"; };
		BEC5EC4D0EC73409000B181B /* fps_images.png */ = {isa = PBXFileReference; lastKnownFileType = image.png; path = fps_images.png; sourceTree = "<group>"; };
		BEC5EC540EC7343E000B181B /* menu.png */ = {isa = PBXFileReference; lastKnownFileType = image.png; path = menu.png; sourceTree = "<group>"; };
/* End PBXFileReference section */

/* Begin PBXFrameworksBuildPhase section */
		1D60588F0D05DD3D006BFB54 /* Frameworks */ = {
			isa = PBXFrameworksBuildPhase;
			buildActionMask = 2147483647;
			files = (
				1D60589F0D05DD5A006BFB54 /* Foundation.framework in Frameworks */,
				1DF5F4E00D08C38300B7A737 /* UIKit.framework in Frameworks */,
				288765FD0DF74451002DB57D /* CoreGraphics.framework in Frameworks */,
				BE3511260EC63AF50054FAA8 /* OpenGLES.framework in Frameworks */,
				BE3511330EC63B380054FAA8 /* QuartzCore.framework in Frameworks */,
			);
			runOnlyForDeploymentPostprocessing = 0;
		};
/* End PBXFrameworksBuildPhase section */

/* Begin PBXGroup section */
		19C28FACFE9D520D11CA2CBB /* Products */ = {
			isa = PBXGroup;
			children = (
				1D6058910D05DD3D006BFB54 /* SimpleGame.app */,
			);
			name = Products;
			sourceTree = "<group>";
		};
		29B97314FDCFA39411CA2CEA /* CustomTemplate */ = {
			isa = PBXGroup;
			children = (
				BE3511540EC645250054FAA8 /* Classes */,
				BE3511530EC6451F0054FAA8 /* Support */,
				29B97315FDCFA39411CA2CEA /* Other Sources */,
				29B97317FDCFA39411CA2CEA /* Resources */,
				29B97323FDCFA39411CA2CEA /* Frameworks */,
				19C28FACFE9D520D11CA2CBB /* Products */,
				BE3511250EC63AF50054FAA8 /* OpenGLES.framework */,
				BE35112A0EC63B170054FAA8 /* OpenAL.framework */,
				BE3511320EC63B380054FAA8 /* QuartzCore.framework */,
			);
			name = CustomTemplate;
			sourceTree = "<group>";
		};
		29B97315FDCFA39411CA2CEA /* Other Sources */ = {
			isa = PBXGroup;
			children = (
				32CA4F630368D1EE00C91783 /* SimpleGame_Prefix.pch */,
				29B97316FDCFA39411CA2CEA /* main.m */,
			);
			name = "Other Sources";
			sourceTree = "<group>";
		};
		29B97317FDCFA39411CA2CEA /* Resources */ = {
			isa = PBXGroup;
			children = (
				BEC5EC540EC7343E000B181B /* menu.png */,
				BEC5EC4D0EC73409000B181B /* fps_images.png */,
				BE3514960EC693C60054FAA8 /* game.png */,
				8D1107310486CEB800E47090 /* Info.plist */,
			);
			name = Resources;
			sourceTree = "<group>";
		};
		29B97323FDCFA39411CA2CEA /* Frameworks */ = {
			isa = PBXGroup;
			children = (
				1DF5F4DF0D08C38300B7A737 /* UIKit.framework */,
				1D30AB110D05D00D00671497 /* Foundation.framework */,
				288765FC0DF74451002DB57D /* CoreGraphics.framework */,
			);
			name = Frameworks;
			sourceTree = "<group>";
		};
		A3ADDFB70F4FC71400C1396D /* cocos2d */ = {
			isa = PBXGroup;
			children = (
				A36B72A90F754B690013B314 /* CocosNodeExtras.h */,
				A36B72AA0F754B690013B314 /* CocosNodeExtras.m */,
				A36B72A30F754B5D0013B314 /* AtlasSprite.h */,
				A36B72A40F754B5D0013B314 /* AtlasSprite.m */,
				A36B72A50F754B5D0013B314 /* AtlasSpriteManager.h */,
				A36B72A60F754B5D0013B314 /* AtlasSpriteManager.m */,
				A3ADDFB80F4FC71400C1396D /* Action.h */,
				A3ADDFB90F4FC71400C1396D /* Action.m */,
				A3ADDFBA0F4FC71400C1396D /* AtlasNode.h */,
				A3ADDFBB0F4FC71400C1396D /* AtlasNode.m */,
				A3ADDFBC0F4FC71400C1396D /* Camera.h */,
				A3ADDFBD0F4FC71400C1396D /* Camera.m */,
				A3ADDFBE0F4FC71400C1396D /* CameraAction.h */,
				A3ADDFBF0F4FC71400C1396D /* CameraAction.m */,
				A3ADDFC00F4FC71400C1396D /* ccExceptions.h */,
				A3ADDFC10F4FC71400C1396D /* ccMacros.h */,
				A3ADDFC20F4FC71400C1396D /* ccTypes.h */,
				A3ADDFC30F4FC71400C1396D /* cocos2d.h */,
				A3ADDFC40F4FC71400C1396D /* cocos2d.m */,
				A3ADDFC50F4FC71400C1396D /* CocosNode.h */,
				A3ADDFC60F4FC71400C1396D /* CocosNode.m */,
				A3ADDFC70F4FC71400C1396D /* Director.h */,
				A3ADDFC80F4FC71400C1396D /* Director.m */,
				A3ADDFC90F4FC71400C1396D /* EaseAction.h */,
				A3ADDFCA0F4FC71400C1396D /* EaseAction.m */,
				A3ADDFCB0F4FC71400C1396D /* Grabber.h */,
				A3ADDFCC0F4FC71400C1396D /* Grabber.m */,
				A3ADDFCD0F4FC71400C1396D /* Grid.h */,
				A3ADDFCE0F4FC71400C1396D /* Grid.m */,
				A3ADDFCF0F4FC71400C1396D /* Grid3DAction.h */,
				A3ADDFD00F4FC71400C1396D /* Grid3DAction.m */,
				A3ADDFD10F4FC71400C1396D /* GridAction.h */,
				A3ADDFD20F4FC71400C1396D /* GridAction.m */,
				A3ADDFD30F4FC71400C1396D /* InstantAction.h */,
				A3ADDFD40F4FC71400C1396D /* InstantAction.m */,
				A3ADDFD50F4FC71400C1396D /* IntervalAction.h */,
				A3ADDFD60F4FC71400C1396D /* IntervalAction.m */,
				A3ADDFD70F4FC71400C1396D /* Label.h */,
				A3ADDFD80F4FC71400C1396D /* Label.m */,
				A3ADDFD90F4FC71400C1396D /* LabelAtlas.h */,
				A3ADDFDA0F4FC71400C1396D /* LabelAtlas.m */,
				A3ADDFDB0F4FC71400C1396D /* Layer.h */,
				A3ADDFDC0F4FC71500C1396D /* Layer.m */,
				A3ADDFDD0F4FC71500C1396D /* Menu.h */,
				A3ADDFDE0F4FC71500C1396D /* Menu.m */,
				A3ADDFDF0F4FC71500C1396D /* MenuItem.h */,
				A3ADDFE00F4FC71500C1396D /* MenuItem.m */,
				A3ADDFE10F4FC71500C1396D /* Particle.h */,
				A3ADDFE20F4FC71500C1396D /* Particle.m */,
				A3ADDFE30F4FC71500C1396D /* ParticleSystems.h */,
				A3ADDFE40F4FC71500C1396D /* ParticleSystems.m */,
				A3ADDFE50F4FC71500C1396D /* Primitives.h */,
				A3ADDFE60F4FC71500C1396D /* Primitives.m */,
				A3ADDFE70F4FC71500C1396D /* Scene.h */,
				A3ADDFE80F4FC71500C1396D /* Scene.m */,
				A3ADDFE90F4FC71500C1396D /* Scheduler.h */,
				A3ADDFEA0F4FC71500C1396D /* Scheduler.m */,
				A3ADDFEB0F4FC71500C1396D /* Sprite.h */,
				A3ADDFEC0F4FC71500C1396D /* Sprite.m */,
				A3ADDFED0F4FC71500C1396D /* Support */,
				A3ADDFFB0F4FC71500C1396D /* TextureAtlas.h */,
				A3ADDFFC0F4FC71500C1396D /* TextureAtlas.m */,
				A3ADDFFD0F4FC71500C1396D /* TextureMgr.h */,
				A3ADDFFE0F4FC71500C1396D /* TextureMgr.m */,
				A3ADDFFF0F4FC71500C1396D /* TextureNode.h */,
				A3ADE0000F4FC71500C1396D /* TextureNode.m */,
				A3ADE0010F4FC71500C1396D /* TiledGridAction.h */,
				A3ADE0020F4FC71500C1396D /* TiledGridAction.m */,
				A3ADE0030F4FC71500C1396D /* TileMapAtlas.h */,
				A3ADE0040F4FC71500C1396D /* TileMapAtlas.m */,
				A3ADE0050F4FC71500C1396D /* Transition.h */,
				A3ADE0060F4FC71500C1396D /* Transition.m */,
			);
			path = cocos2d;
			sourceTree = "<group>";
		};
		A3ADDFED0F4FC71500C1396D /* Support */ = {
			isa = PBXGroup;
			children = (
				A3ADDFEE0F4FC71500C1396D /* EAGLView.h */,
				A3ADDFEF0F4FC71500C1396D /* EAGLView.m */,
				A3ADDFF00F4FC71500C1396D /* glu.c */,
				A3ADDFF10F4FC71500C1396D /* glu.h */,
				A3ADDFF20F4FC71500C1396D /* OpenGL_Internal.h */,
				A3ADDFF30F4FC71500C1396D /* PVRTexture.h */,
				A3ADDFF40F4FC71500C1396D /* PVRTexture.m */,
				A3ADDFF50F4FC71500C1396D /* Texture2D.h */,
				A3ADDFF60F4FC71500C1396D /* Texture2D.m */,
				A3ADDFF70F4FC71500C1396D /* TGAlib.h */,
				A3ADDFF80F4FC71500C1396D /* TGAlib.m */,
				A3ADDFF90F4FC71500C1396D /* UIColor-OpenGL.h */,
				A3ADDFFA0F4FC71500C1396D /* UIColor-OpenGL.m */,
			);
			path = Support;
			sourceTree = "<group>";
		};
		A3ADE0070F4FC71500C1396D /* cocoslive */ = {
			isa = PBXGroup;
			children = (
				A3ADE0080F4FC71500C1396D /* cocoslive.h */,
				A3ADE0090F4FC71500C1396D /* cocoslive.m */,
				A3ADE00A0F4FC71500C1396D /* ScoreServerPost.h */,
				A3ADE00B0F4FC71500C1396D /* ScoreServerPost.m */,
				A3ADE00C0F4FC71500C1396D /* ScoreServerRequest.h */,
				A3ADE00D0F4FC71500C1396D /* ScoreServerRequest.m */,
			);
			path = cocoslive;
			sourceTree = "<group>";
		};
		A3ADE00E0F4FC71500C1396D /* experimental */ = {
			isa = PBXGroup;
			children = (
				A3ADE00F0F4FC71500C1396D /* MotionStreak.h */,
				A3ADE0100F4FC71500C1396D /* MotionStreak.m */,
				A3ADE0110F4FC71500C1396D /* README */,
				A3ADE0120F4FC71500C1396D /* Ribbon.h */,
				A3ADE0130F4FC71500C1396D /* Ribbon.m */,
				A3ADE0140F4FC71500C1396D /* StreakTest.h */,
				A3ADE0150F4FC71500C1396D /* StreakTest.m */,
			);
			path = experimental;
			sourceTree = "<group>";
		};
		A3ADE0160F4FC71500C1396D /* external */ = {
			isa = PBXGroup;
			children = (
				A3ADE0170F4FC71500C1396D /* Chipmunk */,
				A3ADE0450F4FC71500C1396D /* TouchJSON */,
			);
			path = external;
			sourceTree = "<group>";
		};
		A3ADE0170F4FC71500C1396D /* Chipmunk */ = {
			isa = PBXGroup;
			children = (
				A3ADE0180F4FC71500C1396D /* chipmunk-docs.html */,
				A3ADE0190F4FC71500C1396D /* CMakeLists.txt */,
				A3ADE0260F4FC71500C1396D /* LICENSE.txt */,
				A3ADE0270F4FC71500C1396D /* README.txt */,
				A3ADE0280F4FC71500C1396D /* src */,
			);
			path = Chipmunk;
			sourceTree = "<group>";
		};
		A3ADE0280F4FC71500C1396D /* src */ = {
			isa = PBXGroup;
			children = (
				A3ADE0290F4FC71500C1396D /* chipmunk.c */,
				A3ADE02A0F4FC71500C1396D /* chipmunk.h */,
				A3ADE02B0F4FC71500C1396D /* CMakeLists.txt */,
				A3ADE02C0F4FC71500C1396D /* cpArbiter.c */,
				A3ADE02D0F4FC71500C1396D /* cpArbiter.h */,
				A3ADE02E0F4FC71500C1396D /* cpArray.c */,
				A3ADE02F0F4FC71500C1396D /* cpArray.h */,
				A3ADE0300F4FC71500C1396D /* cpBB.c */,
				A3ADE0310F4FC71500C1396D /* cpBB.h */,
				A3ADE0320F4FC71500C1396D /* cpBody.c */,
				A3ADE0330F4FC71500C1396D /* cpBody.h */,
				A3ADE0340F4FC71500C1396D /* cpCollision.c */,
				A3ADE0350F4FC71500C1396D /* cpCollision.h */,
				A3ADE0360F4FC71500C1396D /* cpHashSet.c */,
				A3ADE0370F4FC71500C1396D /* cpHashSet.h */,
				A3ADE0380F4FC71500C1396D /* cpJoint.c */,
				A3ADE0390F4FC71500C1396D /* cpJoint.h */,
				A3ADE03A0F4FC71500C1396D /* cpPolyShape.c */,
				A3ADE03B0F4FC71500C1396D /* cpPolyShape.h */,
				A3ADE03C0F4FC71500C1396D /* cpShape.c */,
				A3ADE03D0F4FC71500C1396D /* cpShape.h */,
				A3ADE03E0F4FC71500C1396D /* cpSpace.c */,
				A3ADE03F0F4FC71500C1396D /* cpSpace.h */,
				A3ADE0400F4FC71500C1396D /* cpSpaceHash.c */,
				A3ADE0410F4FC71500C1396D /* cpSpaceHash.h */,
				A3ADE0420F4FC71500C1396D /* cpVect.c */,
				A3ADE0430F4FC71500C1396D /* cpVect.h */,
				A3ADE0440F4FC71500C1396D /* prime.h */,
			);
			path = src;
			sourceTree = "<group>";
		};
		A3ADE0450F4FC71500C1396D /* TouchJSON */ = {
			isa = PBXGroup;
			children = (
				A3ADE0460F4FC71500C1396D /* CDataScanner.h */,
				A3ADE0470F4FC71500C1396D /* CDataScanner.m */,
				A3ADE0480F4FC71500C1396D /* Extensions */,
				A3ADE0510F4FC71500C1396D /* JSON */,
			);
			path = TouchJSON;
			sourceTree = "<group>";
		};
		A3ADE0480F4FC71500C1396D /* Extensions */ = {
			isa = PBXGroup;
			children = (
				A3ADE0490F4FC71500C1396D /* CDataScanner_Extensions.h */,
				A3ADE04A0F4FC71500C1396D /* CDataScanner_Extensions.m */,
				A3ADE04B0F4FC71500C1396D /* NSCharacterSet_Extensions.h */,
				A3ADE04C0F4FC71500C1396D /* NSCharacterSet_Extensions.m */,
				A3ADE04D0F4FC71500C1396D /* NSDictionary_JSONExtensions.h */,
				A3ADE04E0F4FC71500C1396D /* NSDictionary_JSONExtensions.m */,
				A3ADE04F0F4FC71500C1396D /* NSScanner_Extensions.h */,
				A3ADE0500F4FC71500C1396D /* NSScanner_Extensions.m */,
			);
			path = Extensions;
			sourceTree = "<group>";
		};
		A3ADE0510F4FC71500C1396D /* JSON */ = {
			isa = PBXGroup;
			children = (
				A3ADE0520F4FC71500C1396D /* CJSONDeserializer.h */,
				A3ADE0530F4FC71500C1396D /* CJSONDeserializer.m */,
				A3ADE0540F4FC71500C1396D /* CJSONScanner.h */,
				A3ADE0550F4FC71500C1396D /* CJSONScanner.m */,
				A3ADE0560F4FC71500C1396D /* CJSONSerializer.h */,
				A3ADE0570F4FC71500C1396D /* CJSONSerializer.m */,
			);
			path = JSON;
			sourceTree = "<group>";
		};
		BE3511530EC6451F0054FAA8 /* Support */ = {
			isa = PBXGroup;
			children = (
				A3ADDFB70F4FC71400C1396D /* cocos2d */,
				A3ADE0070F4FC71500C1396D /* cocoslive */,
				A3ADE00E0F4FC71500C1396D /* experimental */,
				A3ADE0160F4FC71500C1396D /* external */,
			);
			name = Support;
			sourceTree = "<group>";
		};
		BE3511540EC645250054FAA8 /* Classes */ = {
			isa = PBXGroup;
			children = (
				1D3623240D0F684500981E51 /* SimpleGameAppDelegate.h */,
				1D3623250D0F684500981E51 /* SimpleGameAppDelegate.m */,
				BE3511740EC64ADF0054FAA8 /* MenuScene.h */,
				BE3511750EC64ADF0054FAA8 /* MenuScene.m */,
				BE35149E0EC693DE0054FAA8 /* GameScene.h */,
				BE35149F0EC693DE0054FAA8 /* GameScene.m */,
			);
			name = Classes;
			sourceTree = "<group>";
		};
/* End PBXGroup section */

/* Begin PBXNativeTarget section */
		1D6058900D05DD3D006BFB54 /* SimpleGame */ = {
			isa = PBXNativeTarget;
			buildConfigurationList = 1D6058960D05DD3E006BFB54 /* Build configuration list for PBXNativeTarget "SimpleGame" */;
			buildPhases = (
				1D60588D0D05DD3D006BFB54 /* Resources */,
				1D60588E0D05DD3D006BFB54 /* Sources */,
				1D60588F0D05DD3D006BFB54 /* Frameworks */,
			);
			buildRules = (
			);
			dependencies = (
			);
			name = SimpleGame;
			productName = SimpleGame;
			productReference = 1D6058910D05DD3D006BFB54 /* SimpleGame.app */;
			productType = "com.apple.product-type.application";
		};
/* End PBXNativeTarget section */

/* Begin PBXProject section */
		29B97313FDCFA39411CA2CEA /* Project object */ = {
			isa = PBXProject;
			buildConfigurationList = C01FCF4E08A954540054247B /* Build configuration list for PBXProject "SimpleGame" */;
			compatibilityVersion = "Xcode 3.1";
			hasScannedForEncodings = 1;
			mainGroup = 29B97314FDCFA39411CA2CEA /* CustomTemplate */;
			projectDirPath = "";
			projectRoot = "";
			targets = (
				1D6058900D05DD3D006BFB54 /* SimpleGame */,
			);
		};
/* End PBXProject section */

/* Begin PBXResourcesBuildPhase section */
		1D60588D0D05DD3D006BFB54 /* Resources */ = {
			isa = PBXResourcesBuildPhase;
			buildActionMask = 2147483647;
			files = (
				BE3514970EC693C60054FAA8 /* game.png in Resources */,
				BEC5EC4E0EC73409000B181B /* fps_images.png in Resources */,
				BEC5EC550EC7343E000B181B /* menu.png in Resources */,
				A3ADE0810F4FC71600C1396D /* README in Resources */,
				A3ADE0840F4FC71600C1396D /* chipmunk-docs.html in Resources */,
				A3ADE0900F4FC71600C1396D /* LICENSE.txt in Resources */,
				A3ADE0910F4FC71600C1396D /* README.txt in Resources */,
				A3ADE0930F4FC71600C1396D /* CMakeLists.txt in Resources */,
			);
			runOnlyForDeploymentPostprocessing = 0;
		};
/* End PBXResourcesBuildPhase section */

/* Begin PBXSourcesBuildPhase section */
		1D60588E0D05DD3D006BFB54 /* Sources */ = {
			isa = PBXSourcesBuildPhase;
			buildActionMask = 2147483647;
			files = (
				1D60589B0D05DD56006BFB54 /* main.m in Sources */,
				1D3623260D0F684500981E51 /* SimpleGameAppDelegate.m in Sources */,
				BE3511760EC64ADF0054FAA8 /* MenuScene.m in Sources */,
				BE3514A00EC693DE0054FAA8 /* GameScene.m in Sources */,
				A3ADE0580F4FC71500C1396D /* Action.m in Sources */,
				A3ADE0590F4FC71600C1396D /* AtlasNode.m in Sources */,
				A3ADE05A0F4FC71600C1396D /* Camera.m in Sources */,
				A3ADE05B0F4FC71600C1396D /* CameraAction.m in Sources */,
				A3ADE05C0F4FC71600C1396D /* cocos2d.m in Sources */,
				A3ADE05D0F4FC71600C1396D /* CocosNode.m in Sources */,
				A3ADE05E0F4FC71600C1396D /* Director.m in Sources */,
				A3ADE05F0F4FC71600C1396D /* EaseAction.m in Sources */,
				A3ADE0600F4FC71600C1396D /* Grabber.m in Sources */,
				A3ADE0610F4FC71600C1396D /* Grid.m in Sources */,
				A3ADE0620F4FC71600C1396D /* Grid3DAction.m in Sources */,
				A3ADE0630F4FC71600C1396D /* GridAction.m in Sources */,
				A3ADE0640F4FC71600C1396D /* InstantAction.m in Sources */,
				A3ADE0650F4FC71600C1396D /* IntervalAction.m in Sources */,
				A3ADE0660F4FC71600C1396D /* Label.m in Sources */,
				A3ADE0670F4FC71600C1396D /* LabelAtlas.m in Sources */,
				A3ADE0680F4FC71600C1396D /* Layer.m in Sources */,
				A3ADE0690F4FC71600C1396D /* Menu.m in Sources */,
				A3ADE06A0F4FC71600C1396D /* MenuItem.m in Sources */,
				A3ADE06B0F4FC71600C1396D /* Particle.m in Sources */,
				A3ADE06C0F4FC71600C1396D /* ParticleSystems.m in Sources */,
				A3ADE06D0F4FC71600C1396D /* Primitives.m in Sources */,
				A3ADE06E0F4FC71600C1396D /* Scene.m in Sources */,
				A3ADE06F0F4FC71600C1396D /* Scheduler.m in Sources */,
				A3ADE0700F4FC71600C1396D /* Sprite.m in Sources */,
				A3ADE0710F4FC71600C1396D /* EAGLView.m in Sources */,
				A3ADE0720F4FC71600C1396D /* glu.c in Sources */,
				A3ADE0730F4FC71600C1396D /* PVRTexture.m in Sources */,
				A3ADE0740F4FC71600C1396D /* Texture2D.m in Sources */,
				A3ADE0750F4FC71600C1396D /* TGAlib.m in Sources */,
				A3ADE0760F4FC71600C1396D /* UIColor-OpenGL.m in Sources */,
				A3ADE0770F4FC71600C1396D /* TextureAtlas.m in Sources */,
				A3ADE0780F4FC71600C1396D /* TextureMgr.m in Sources */,
				A3ADE0790F4FC71600C1396D /* TextureNode.m in Sources */,
				A3ADE07A0F4FC71600C1396D /* TiledGridAction.m in Sources */,
				A3ADE07B0F4FC71600C1396D /* TileMapAtlas.m in Sources */,
				A3ADE07C0F4FC71600C1396D /* Transition.m in Sources */,
				A3ADE07D0F4FC71600C1396D /* cocoslive.m in Sources */,
				A3ADE07E0F4FC71600C1396D /* ScoreServerPost.m in Sources */,
				A3ADE07F0F4FC71600C1396D /* ScoreServerRequest.m in Sources */,
				A3ADE0800F4FC71600C1396D /* MotionStreak.m in Sources */,
				A3ADE0820F4FC71600C1396D /* Ribbon.m in Sources */,
				A3ADE0830F4FC71600C1396D /* StreakTest.m in Sources */,
				A3ADE0920F4FC71600C1396D /* chipmunk.c in Sources */,
				A3ADE0940F4FC71600C1396D /* cpArbiter.c in Sources */,
				A3ADE0950F4FC71600C1396D /* cpArray.c in Sources */,
				A3ADE0960F4FC71600C1396D /* cpBB.c in Sources */,
				A3ADE0970F4FC71600C1396D /* cpBody.c in Sources */,
				A3ADE0980F4FC71600C1396D /* cpCollision.c in Sources */,
				A3ADE0990F4FC71600C1396D /* cpHashSet.c in Sources */,
				A3ADE09A0F4FC71600C1396D /* cpJoint.c in Sources */,
				A3ADE09B0F4FC71600C1396D /* cpPolyShape.c in Sources */,
				A3ADE09C0F4FC71600C1396D /* cpShape.c in Sources */,
				A3ADE09D0F4FC71600C1396D /* cpSpace.c in Sources */,
				A3ADE09E0F4FC71600C1396D /* cpSpaceHash.c in Sources */,
				A3ADE09F0F4FC71600C1396D /* cpVect.c in Sources */,
				A3ADE0A00F4FC71600C1396D /* CDataScanner.m in Sources */,
				A3ADE0A10F4FC71600C1396D /* CDataScanner_Extensions.m in Sources */,
				A3ADE0A20F4FC71600C1396D /* NSCharacterSet_Extensions.m in Sources */,
				A3ADE0A30F4FC71600C1396D /* NSDictionary_JSONExtensions.m in Sources */,
				A3ADE0A40F4FC71600C1396D /* NSScanner_Extensions.m in Sources */,
				A3ADE0A50F4FC71600C1396D /* CJSONDeserializer.m in Sources */,
				A3ADE0A60F4FC71600C1396D /* CJSONScanner.m in Sources */,
				A3ADE0A70F4FC71600C1396D /* CJSONSerializer.m in Sources */,
				A36B72A70F754B5D0013B314 /* AtlasSprite.m in Sources */,
				A36B72A80F754B5D0013B314 /* AtlasSpriteManager.m in Sources */,
				A36B72AB0F754B690013B314 /* CocosNodeExtras.m in Sources */,
			);
			runOnlyForDeploymentPostprocessing = 0;
		};
/* End PBXSourcesBuildPhase section */

/* Begin XCBuildConfiguration section */
		1D6058940D05DD3E006BFB54 /* Debug */ = {
			isa = XCBuildConfiguration;
			buildSettings = {
				ALWAYS_SEARCH_USER_PATHS = NO;
				COPY_PHASE_STRIP = NO;
				GCC_DYNAMIC_NO_PIC = NO;
				GCC_OPTIMIZATION_LEVEL = 0;
				GCC_PRECOMPILE_PREFIX_HEADER = YES;
				GCC_PREFIX_HEADER = SimpleGame_Prefix.pch;
				INFOPLIST_FILE = Info.plist;
				PRODUCT_NAME = SimpleGame;
			};
			name = Debug;
		};
		1D6058950D05DD3E006BFB54 /* Release */ = {
			isa = XCBuildConfiguration;
			buildSettings = {
				ALWAYS_SEARCH_USER_PATHS = NO;
				COPY_PHASE_STRIP = YES;
				GCC_PRECOMPILE_PREFIX_HEADER = YES;
				GCC_PREFIX_HEADER = SimpleGame_Prefix.pch;
				INFOPLIST_FILE = Info.plist;
				PRODUCT_NAME = SimpleGame;
			};
			name = Release;
		};
		C01FCF4F08A954540054247B /* Debug */ = {
			isa = XCBuildConfiguration;
			buildSettings = {
				ARCHS = "$(ARCHS_STANDARD_32_BIT)";
				"CODE_SIGN_IDENTITY[sdk=iphoneos*]" = "iPhone Developer";
				GCC_C_LANGUAGE_STANDARD = c99;
				GCC_WARN_ABOUT_RETURN_TYPE = YES;
				GCC_WARN_UNUSED_VARIABLE = YES;
				ONLY_ACTIVE_ARCH = YES;
				PREBINDING = NO;
				SDKROOT = iphoneos2.1;
			};
			name = Debug;
		};
		C01FCF5008A954540054247B /* Release */ = {
			isa = XCBuildConfiguration;
			buildSettings = {
				ARCHS = "$(ARCHS_STANDARD_32_BIT)";
				"CODE_SIGN_IDENTITY[sdk=iphoneos*]" = "iPhone Developer";
				GCC_C_LANGUAGE_STANDARD = c99;
				GCC_WARN_ABOUT_RETURN_TYPE = YES;
				GCC_WARN_UNUSED_VARIABLE = YES;
				PREBINDING = NO;
				SDKROOT = iphoneos2.1;
			};
			name = Release;
		};
/* End XCBuildConfiguration section */

/* Begin XCConfigurationList section */
		1D6058960D05DD3E006BFB54 /* Build configuration list for PBXNativeTarget "SimpleGame" */ = {
			isa = XCConfigurationList;
			buildConfigurations = (
				1D6058940D05DD3E006BFB54 /* Debug */,
				1D6058950D05DD3E006BFB54 /* Release */,
			);
			defaultConfigurationIsVisible = 0;
			defaultConfigurationName = Release;
		};
		C01FCF4E08A954540054247B /* Build configuration list for PBXProject "SimpleGame" */ = {
			isa = XCConfigurationList;
			buildConfigurations = (
				C01FCF4F08A954540054247B /* Debug */,
				C01FCF5008A954540054247B /* Release */,
			);
			defaultConfigurationIsVisible = 0;
			defaultConfigurationName = Release;
		};
/* End XCConfigurationList section */
	};
	rootObject = 29B97313FDCFA39411CA2CEA /* Project object */;
}
